
Microsoft Visual Studio Solution File, Format Version 12.00
# Visual Studio Version 16
VisualStudioVersion = 16.0.29001.49
MinimumVisualStudioVersion = 10.0.40219.1
Project("{FAE04EC0-301F-11D3-BF4B-00C04F79EFBC}") = "ToDoList", "ToDoList.csproj", "{6F3D1A34-964C-412E-812C-94922989933B}"
EndProject
Global
	GlobalSection(SolutionConfigurationPlatforms) = preSolution
		Debug|Any CPU = Debug|Any CPU
		Release|Any CPU = Release|Any CPU
	EndGlobalSection
	GlobalSection(ProjectConfigurationPlatforms) = postSolution
		{6F3D1A34-964C-412E-812C-94922989933B}.Debug|Any CPU.ActiveCfg = Debug|Any CPU
		{6F3D1A34-964C-412E-812C-94922989933B}.Debug|Any CPU.Build.0 = Debug|Any CPU
		{6F3D1A34-964C-412E-812C-94922989933B}.Release|Any CPU.ActiveCfg = Release|Any CPU
		{6F3D1A34-964C-412E-812C-94922989933B}.Release|Any CPU.Build.0 = Release|Any CPU
	EndGlobalSection
	GlobalSection(SolutionProperties) = preSolution
		HideSolutionNode = FALSE
	EndGlobalSection
	GlobalSection(ExtensibilityGlobals) = postSolution
		SolutionGuid = {958937D7-5EED-48C9-9795-DA59B8E62B9C}
	EndGlobalSection
EndGlobal
